// !$*UTF8*$!
{
	archiveVersion = 1;
	classes = {
	};
	objectVersion = 46;
	objects = {

/* Begin PBXBuildFile section */
		0C6C06BC1F2CADB800981C47 /* CoinRatesTableViewController.swift in Sources */ = {isa = PBXBuildFile; fileRef = 0C6C06BB1F2CADB800981C47 /* CoinRatesTableViewController.swift */; };
		0C6C06BE1F2CADCC00981C47 /* AppDelegate.swift in Sources */ = {isa = PBXBuildFile; fileRef = 0C6C06BD1F2CADCC00981C47 /* AppDelegate.swift */; };
		0C6C06C61F2CB33000981C47 /* Connection.swift in Sources */ = {isa = PBXBuildFile; fileRef = 0C6C06C51F2CB33000981C47 /* Connection.swift */; };
		0C6C06C81F2CBA8F00981C47 /* RemoteConnection.swift in Sources */ = {isa = PBXBuildFile; fileRef = 0C6C06C71F2CBA8F00981C47 /* RemoteConnection.swift */; };
		0C6C06CA1F2CBC0600981C47 /* MockedConnection.swift in Sources */ = {isa = PBXBuildFile; fileRef = 0C6C06C91F2CBC0600981C47 /* MockedConnection.swift */; };
		0C6C06CC1F2CBD3600981C47 /* ExchangeRate.swift in Sources */ = {isa = PBXBuildFile; fileRef = 0C6C06CB1F2CBD3600981C47 /* ExchangeRate.swift */; };
		0C6C06CE1F2CBEE000981C47 /* Handlers.swift in Sources */ = {isa = PBXBuildFile; fileRef = 0C6C06CD1F2CBEE000981C47 /* Handlers.swift */; };
		0C6C06D01F2CBF6A00981C47 /* BitcoinRateController.swift in Sources */ = {isa = PBXBuildFile; fileRef = 0C6C06CF1F2CBF6A00981C47 /* BitcoinRateController.swift */; };
		0C6C06D21F2CCA8400981C47 /* MockedBitcoinRateController.swift in Sources */ = {isa = PBXBuildFile; fileRef = 0C6C06D11F2CCA8400981C47 /* MockedBitcoinRateController.swift */; };
		0C6C06D51F2D1EB400981C47 /* CellsRepresentable.swift in Sources */ = {isa = PBXBuildFile; fileRef = 0C6C06D41F2D1EB400981C47 /* CellsRepresentable.swift */; };
		0C6C06D81F2D22E000981C47 /* CoinRateTableViewCell.swift in Sources */ = {isa = PBXBuildFile; fileRef = 0C6C06D71F2D22E000981C47 /* CoinRateTableViewCell.swift */; };
		0C6C06DA1F2DEBBB00981C47 /* CoinRateCellViewModel.swift in Sources */ = {isa = PBXBuildFile; fileRef = 0C6C06D91F2DEBBB00981C47 /* CoinRat