// !$*UTF8*$!
{
	archiveVersion = 1;
	classes = {
	};
	objectVersion = 46;
	objects = {

/* Begin PBXBuildFile section */
		0C6C06BC1F2CADB800981C47 /* CoinRatesTableViewController.swift in Sources */ = {isa = PBXBuildFile; fileRef = 0C6C06BB1F2CADB800981C47 /* CoinRatesTableViewController.swift */; };
		0C6C06BE1F2CADCC00981C47 /* AppDelegate.swift in Sources */ = {isa = PBXBuildFile; fileRef = 0C6C06BD1F2CADCC00981C47 /* AppDelegate.swift */; };
		0C6C06C61F2CB33000981C47 /* Connection.swift in Sources */ = {isa = PBXBuildFile; fileRef = 0C6C06C51F2CB33000981C47 /* Connection.swift */; };
		0C6C06C81F2CBA8F00981C47 /* RemoteConnection.swift in Sources */ = {isa = PBXBuildFile; fileRef = 0C6C06C71F2CBA8F00981C47 /* RemoteConnection.swift */; };
		0C6C06CA1F2CBC0600981C47 /* MockedConnection.swift in Sources */ = {isa = PBXBuildFile; fileRef = 0C6C06C91F2CBC0600981C47 /* MockedConnection.swift */; };
		0C6C06CC1F2CBD3600981C47 /* ExchangeRate.swift in Sources */ = {isa = PBXBuildFile; fileRef = 0C6C06CB1F2CBD3600981C47 /* ExchangeRate.swift */; };
		0C6C06CE1F2CBEE000981C47 /* Handlers.swift in Sources */ = {isa = PBXBuildFile; fileRef = 0C6C06CD1F2CBEE000981C47 /* Handlers.swift */; };
		0C6C06D01F2CBF6A00981C47 /* BitcoinRateController.swift in Sources */ = {isa = PBXBuildFile; fileRef = 0C6C06CF1F2CBF6A00981C47 /* BitcoinRateController.swift */; };
		0C6C06D21F2CCA8400981C47 /* MockedBitcoinRateController.swift in Sources */ = {isa = PBXBuildFile; fileRef = 0C6C06D11F2CCA8400981C47 /* MockedBitcoinRateController.swift */; };
		0C6C06D51F2D1EB400981C47 /* CellsRepresentable.swift in Sources */ = {isa = PBXBuildFile; fileRef = 0C6C06D41F2D1EB400981C47 /* CellsRepresentable.swift */; };
		0C6C06D81F2D22E000981C47 /* CoinRateTableViewCell.swift in Sources */ = {isa = PBXBuildFile; fileRef = 0C6C06D71F2D22E000981C47 /* CoinRateTableViewCell.swift */; };
		0C6C06DA1F2DEBBB00981C47 /* CoinRateCellViewModel.swift in Sources */ = {isa = PBXBuildFile; fileRef = 0C6C06D91F2DEBBB00981C47 /* CoinRateCellViewModel.swift */; };
		0C6C06DC1F2E035800981C47 /* CoinRatesURLPathTests.swift in Sources */ = {isa = PBXBuildFile; fileRef = 0C6C06DB1F2E035700981C47 /* CoinRatesURLPathTests.swift */; };
		0C6C06DF1F2E0B6900981C47 /* Date+Additions.swift in Sources */ = {isa = PBXBuildFile; fileRef = 0C6C06DE1F2E0B6900981C47 /* Date+Additions.swift */; };
		0C6C06E31F2E243A00981C47 /* data.json in Resources */ = {isa = PBXBuildFile; fileRef = 0C6C06E21F2E243A00981C47 /* data.json */; };
		0C6C06E61F2E25BE00981C47 /* invalidData.json in Resources */ = {isa = PBXBuildFile; fileRef = 0C6C06E41F2E25BE00981C47 /* invalidData.json */; };
		0C6C06E71F2E25BE00981C47 /* validData.json in Resources */ = {isa = PBXBuildFile; fileRef = 0C6C06E51F2E25BE00981C47 /* validData.json */; };
		0C6C06EE1F2E3A0500981C47 /* Interface.storyboard in Resources */ = {isa = PBXBuildFile; fileRef = 0C6C06EC1F2E3A0500981C47 /* Interface.storyboard */; };
		0C6C06F01F2E3A0500981C47 /* Assets.xcassets in Resources */ = {isa = PBXBuildFile; fileRef = 0C6C06EF1F2E3A0500981C47 /* Assets.xcassets */; };
		0C6C06F71F2E3A0600981C47 /* CoinRatesWatchApp Extension.appex in Embed App Extensions */ = {isa = PBXBuildFile; fileRef = 0C6C06F61F2E3A0600981C47 /* CoinRatesWatchApp Extension.appex */; settings = {ATTRIBUTES = (RemoveHeadersOnCopy, ); }; };
		0C6C07001F2E3A0600981C47 /* ExtensionDelegate.swift in Sources */ = {isa = PBXBuildFile; fileRef = 0C6C06FF1F2E3A0600981C47 /* ExtensionDelegate.swift */; };
		0C6C07041F2E3A0600981C47 /* Assets.xcassets in Resources */ = {isa = PBXBuildFile; fileRef = 0C6C07031F2E3A0600981C47 /* Assets.xcassets */; };
		0C6C07081F2E3A0600981C47 /* CoinRatesWatchApp.app in Embed Watch Content */ = {isa = PBXBuildFile; fileRef = 0C6C06EA1F2E3A0500981C47 /* CoinRatesWatchApp.app */; };
		0C6C07171F2E40C600981C47 /* CoinRatesRowController.swift in Sources */ = {isa = PBXBuildFile; fileRef = 0C6C07161F2E404400981C47 /* CoinRatesRowController.swift */; };
		0C6C07181F2E424600981C47 /* ExchangeRate.swift in Sources */ = {isa = PBXBuildFile; fileRef = 0C6C06CB1F2CBD3600981C47 /* ExchangeRate.swift */; };
		0C6C07191F2E431C00981C47 /* Date+Additions.swift in Sources */ = {isa = PBXBuildFile; fileRef = 0C6C06DE1F2E0B6900981C47 /* Date+Additions.swift */; };
		0C6C071A1F2E451300981C47 /* Handlers.swift in Sources */ = {isa = PBXBuildFile; fileRef = 0C6C06CD1F2CBEE000981C47 /* Handlers.swift */; };
		0C6C071B1F2E451B00981C47 /* BitcoinRateController.swift in Sources */ = {isa = PBXBuildFile; fileRef = 0C6C06CF1F2CBF6A00981C47 /* BitcoinRateController.swift */; };
		0C6C071C1F2E455600981C47 /* Connection.swift in Sources */ = {isa = PBXBuildFile; fileRef = 0C6C06C51F2CB33000981C47 /* Connection.swift */; };
		0C6C071D1F2E455B00981C47 /* RemoteConnection.swift in Sources */ = {isa = PBXBuildFile; fileRef = 0C6C06C71F2CBA8F00981C47 /* RemoteConnection.swift */; };
		0C6C071E1F2E49F100981C47 /* CoinRatesInterfaceController.swift in Sources */ = {isa = PBXBuildFile; fileRef = 0C6C07111F2E3ED600981C47 /* CoinRatesInterfaceController.swift */; };
		0C6C07251F2E5B1500981C47 /* ExchangeRateDataStore.swift in Sources */ = {isa = PBXBuildFile; fileRef = 0C6C07241F2E5B1500981C47 /* ExchangeRateDataStore.swift */; };
		0C6C07281F2E5BC100981C47 /* ExchangeRateDataStoreDiskUserPrefs.swift in Sources */ = {isa = PBXBuildFile; fileRef = 0C6C07271F2E5BC100981C47 /* ExchangeRateDataStoreDiskUserPrefs.swift */; };
		0C6C07291F2E60E000981C47 /* ExchangeRateDataStore.swift in Sources */ = {isa = PBXBuildFile; fileRef = 0C6C07241F2E5B1500981C47 /* ExchangeRateDataStore.swift */; };
		0C6C072A1F2E613000981C47 /* ExchangeRateDataStoreDiskUserPrefs.swift in Sources */ = {isa = PBXBuildFile; fileRef = 0C6C07271F2E5BC100981C47 /* ExchangeRateDataStoreDiskUserPrefs.swift */; };
		0C6C072C1F2E7BD400981C47 /* currentPriceData.json in Resources */ = {isa = PBXBuildFile; fileRef = 0C6C072B1F2E7BD400981C47 /* currentPriceData.json */; };
		0CB336E21F2BDE4000D1D669 /* Assets.xcassets in Resources */ = {isa = PBXBuildFile; fileRef = 0CB336E11F2BDE4000D1D669 /* Assets.xcassets */; };
		0CB336E51F2BDE4000D1D669 /* LaunchScreen.storyboard in Resources */ = {isa = PBXBuildFile; fileRef = 0CB336E31F2BDE4000D1D669 /* LaunchScreen.storyboard */; };
		0CB336F01F2BDE4000D1D669 /* CoinRatesTests.swift in Sources */ = {isa = PBXBuildFile; fileRef = 0CB336EF1F2BDE4000D1D669 /* CoinRatesTests.swift */; };
/* End PBXBuildFile section */

/* Begin PBXContainerItemProxy section */
		0C6C06F81F2E3A0600981C47 /* PBXContainerItemProxy */ = {
			isa = PBXContainerItemProxy;
			containerPortal = 0CB336CF1F2BDE4000D1D669 /* Project object */;
			proxyType = 1;
			remoteGlobalIDString = 0C6C06F51F2E3A0600981C47;
			remoteInfo = "CoinRatesWatchApp Extension";
		};
		0C6C07061F2E3A0600981C47 /* PBXContainerItemProxy */ = {
			isa = PBXContainerItemProxy;
			containerPortal = 0CB336CF1F2BDE4000D1D669 /* Project object */;
			proxyType = 1;
			remoteGlobalIDString = 0C6C06E91F2E3A0500981C47;
			remoteInfo = CoinRatesWatchApp;
		};
		0CB336EC1F2BDE4000D1D669 /* PBXContainerItemProxy */ = {
			isa = PBXContainerItemProxy;
			containerPortal = 0CB336CF1F2BDE4000D1D669 /* Project object */;
			proxyType = 1;
			remoteGlobalIDString = 0CB336D61F2BDE4000D1D669;
			remoteInfo = CoinRates;
		};
/* End PBXContainerItemProxy section */

/* Begin PBXCopyFilesBuildPhase section */
		0C6C070C1F2E3A0600981C47 /* Embed App Extensions */ = {
			isa = PBXCopyFilesBuildPhase;
			buildActionMask = 2147483647;
			dstPath = "";
			dstSubfolderSpec = 13;
			files = (
				0C6C06F71F2E3A0600981C47 /* CoinRatesWatchApp Extension.appex in Embed App Extensions */,
			);
			name = "Embed App Extensions";
			runOnlyForDeploymentPostprocessing = 0;
		};
		0C6C07101F2E3A0600981C47 /* Embed Watch Content */ = {
			isa = PBXCopyFilesBuildPhase;
			buildActionMask = 2147483647;
			dstPath = "$(CONTENTS_FOLDER_PATH)/Watch";
			dstSubfolderSpec = 16;
			files = (
				0C6C07081F2E3A0600981C47 /* CoinRatesWatchApp.app in Embed Watch Content */,
			);
			name = "Embed Watch Content";
			runOnlyForDeploymentPostprocessing = 0;
		};
/* End PBXCopyFilesBuildPhase section */

/* Begin PBXFileReference section */
		0C6C06BB1F2CADB800981C47 /* CoinRatesTableViewController.swift */ = {isa = PBXFileReference; fileEncoding = 4; lastKnownFileType = sourcecode.swift; name = CoinRatesTableViewController.swift; path = App/ViewControllers/CoinRatesTableViewController.swift; sourceTree = "<group>"; };
		0C6C06BD1F2CADCC00981C47 /* AppDelegate.swift */ = {isa = PBXFileReference; fileEncoding = 4; lastKnownFileType = sourcecode.swift; name = AppDelegate.swift; path = App/AppDelegate.swift; sourceTree = "<group>"; };
		0C6C06C51F2CB33000981C47 /* Connection.swift */ = {isa = PBXFileReference; fileEncoding = 4; lastKnownFileType = sourcecode.swift; name = Connection.swift; path = CoinRatesKit/Subsystems/RemoteAPI/Connection.swift; sourceTree = "<group>"; };
		0C6C06C71F2CBA8F00981C47 /* RemoteConnection.swift */ = {isa = PBXFileReference; fileEncoding = 4; lastKnownFileType = sourcecode.swift; name = RemoteConnection.swift; path = CoinRatesKit/Subsystems/RemoteAPI/RemoteConnection.swift; sourceTree = "<group>"; };
		0C6C06C91F2CBC0600981C47 /* MockedConnection.swift */ = {isa = PBXFileReference; fileEncoding = 4; lastKnownFileType = sourcecode.swift; name = MockedConnection.swift; path = CoinRatesKit/Subsystems/RemoteAPI/MockedConnection.swift; sourceTree = "<group>"; };
		0C6C06CB1F2CBD3600981C47 /* ExchangeRate.swift */ = {isa = PBXFileReference; fileEncoding = 4; lastKnownFileType = sourcecode.swift; name = ExchangeRate.swift; path = CoinRatesKit/Subsystems/Models/ExchangeRate.swift; sourceTree = "<group>"; };
		0C6C06CD1F2CBEE000981C47 /* Handlers.swift */ = {isa = PBXFileReference; fileEncoding = 4; lastKnownFileType = sourcecode.swift; name = Handlers.swift; path = CoinRatesKit/Subsystems/Controllers/Handlers.swift; sourceTree = "<group>"; };
		0C6C06CF1F2CBF6A00981C47 /* BitcoinRateController.swift */ = {isa = PBXFileReference; fileEncoding = 4; lastKnownFileType = sourcecode.swift; name = BitcoinRateController.swift; path = CoinRatesKit/Subsystems/Controllers/BitcoinRateController.swift; sourceTree = "<group>"; };
		0C6C06D11F2CCA8400981C47 /* MockedBitcoinRateController.swift */ = {isa = PBXFileReference; fileEncoding = 4; lastKnownFileType = sourcecode.swift; name = MockedBitcoinRateController.swift; path = CoinRatesKit/Subsystems/Controllers/MockedBitcoinRateController.swift; sourceTree = "<group>"; };
		0C6C06D41F2D1EB400981C47 /* CellsRepresentable.swift */ = {isa = PBXFileReference; fileEncoding = 4; lastKnownFileType = sourcecode.swift; name = CellsRepresentable.swift; path = App/Views/CellsRepresentable.swift; sourceTree = "<group>"; };
		0C6C06D71F2D22E000981C47 /* CoinRateTableViewCell.swift */ = {isa = PBXFileReference; fileEncoding = 4; lastKnownFileType = sourcecode.swift; name = CoinRateTableViewCell.swift; path = App/Views/CoinRateCell/CoinRateTableViewCell.swift; sourceTree = "<group>"; };
		0C6C06D91F2DEBBB00981C47 /* CoinRateCellViewModel.swift */ = {isa = PBXFileReference; fileEncoding = 4; lastKnownFileType = sourcecode.swift; name = CoinRateCellViewModel.swift; path = App/Views/CoinRateCell/CoinRateCellViewModel.swift; sourceTree = "<group>"; };
		0C6C06DB1F2E035700981C47 /* CoinRatesURLPathTests.swift */ = {isa = PBXFileReference; fileEncoding = 4; lastKnownFileType = sourcecode.swift; path = CoinRatesURLPathTests.swift; sourceTree = "<group>"; };
		0C6C06DE1F2E0B6900981C47 /* Date+Additions.swift */ = {isa = PBXFileReference; fileEncoding = 4; lastKnownFileType = sourcecode.swift; name = "Date+Additions.swift"; path = "CoinRatesKit/FoundationExtensions/Date+Additions.swift"; sourceTree = "<group>"; };
		0C6C06E21F2E243A00981C47 /* data.json */ = {isa = PBXFileReference; fileEncoding = 4; lastKnownFileType = text.json; path = data.json; sourceTree = "<group>"; };
		0C6C06E41F2E25BE00981C47 /* invalidData.json */ = {isa = PBXFileReference; fileEncoding = 4; lastKnownFileType = text.json; path = invalidData.json; sourceTree = "<group>"; };
		0C6C06E51F2E25BE00981C47 /* validData.json */ = {isa = PBXFileReference; fileEncoding = 4; lastKnownFileType = text.json; path = validData.json; sourceTree = "<group>"; };
		0C6C06EA1F2E3A0500981C47 /* CoinRatesWatchApp.app */ = {isa = PBXFileReference; explicitFileType = wrapper.application; includeInIndex = 0; path = CoinRatesWatchApp.app; sourceTree = BUILT_PRODUCTS_DIR; };
		0C6C06ED1F2E3A0500981C47 /* Base */ = {isa = PBXFileReference; lastKnownFileType = file.storyboard; name = Base; path = Base.lproj/Interface.storyboard; sourceTree = "<group>"; };
		0C6C06EF1F2E3A0500981C47 /* Assets.xcassets */ = {isa = PBXFileReference; lastKnownFileType = folder.assetcatalog; path = Assets.xcassets; sourceTree = "<group>"; };
		0C6C06F11F2E3A0500981C47 /* Info.plist */ = {isa = PBXFileReference; lastKnownFileType = text.plist.xml; path = Info.plist; sourceTree = "<group>"; };
		0C6C06F61F2E3A0600981C47 /* CoinRatesWatchApp Extension.appex */ = {isa = PBXFileReference; explicitFileType = "wrapper.app-extension"; includeInIndex = 0; path = "CoinRatesWatchApp Extension.appex"; sourceTree = BUILT_PRODUCTS_DIR; };
		0C6C06FC1F2E3A0600981C47 /* PushNotificationPayload.apns */ = {isa = PBXFileReference; lastKnownFileType = text; path = PushNotificationPayload.apns; sourceTree = "<group>"; };
		0C6C06FF1F2E3A0600981C47 /* ExtensionDelegate.swift */ = {isa = PBXFileReference; lastKnownFileType = sourcecode.swift; path = ExtensionDelegate.swift; sourceTree = "<group>"; };
		0C6C07031F2E3A0600981C47 /* Assets.xcassets */ = {isa = PBXFileReference; lastKnownFileType = folder.assetcatalog; path = Assets.xcassets; sourceTree = "<group>"; };
		0C6C07051F2E3A0600981C47 /* Info.plist */ = {isa = PBXFileReference; lastKnownFileType = text.plist.xml; path = Info.plist; sourceTree = "<group>"; };
		0C6C07111F2E3ED60098